// !$*UTF8*$!
{
	archiveVersion = 1;
	classes = {
	};
	objectVersion = 77;
	objects = {

/* Begin PBXBuildFile section */
		074D66411C4C02BCAF1DF55A /* CompanionRelayOutbox.swift in Sources */ = {isa = PBXBuildFile; fileRef = 2979C1EB89D528F7C8F9ACB6 /* CompanionRelayOutbox.swift */; };
		0AD2DC0613E92DE1E90F357D /* PublicAssets.xcassets in Resources */ = {isa = PBXBuildFile; fileRef = EF0EC3306E4E4799275B48EF /* PublicAssets.xcassets */; };
		18C69D2FC40422012B224E2D /* OpenClawWatchApp.app in Embed Watch Content */ = {isa = PBXBuildFile; fileRef = 55E294C3D5006316EBAD6E08 /* OpenClawWatchApp.app */; settings = {ATTRIBUTES = (RemoveHeadersOnCopy, ); }; };
		20C2A15BBEE79815185D546D /* WatchVoiceModels.swift in Sources */ = {isa = PBXBuildFile; fileRef = 5F05AF7FA1AC54D95DC72963 /* WatchVoiceModels.swift */; };
		2B2CA0A4BA9CADE9BCD41D34 /* OpenClawWatchExtension.appex in Embed Foundation Extensions */ = {isa = PBXBuildFile; fileRef = 6A4D97F29EFB389FAB54B4C2 /* OpenClawWatchExtension.appex */; settings = {ATTRIBUTES = (RemoveHeadersOnCopy, ); }; };
		2B3F74B662069F061546E96B /* PublicAssets.xcassets in Resources */ = {isa = PBXBuildFile; fileRef = EF0EC3306E4E4799275B48EF /* PublicAssets.xcassets */; };
		3DF5F17DF9FE4FC80A962696 /* WalkieResponseClient.swift in Sources */ = {isa = PBXBuildFile; fileRef = BA9925BC6A8D6D07E46D94C1 /* WalkieResponseClient.swift */; };
		535BB2F5E18EB3C9C4B67A8A /* BridgeConfiguration.swift in Sources */ = {isa = PBXBuildFile; fileRef = F0F745D706D8BCE413E89DFA /* BridgeConfiguration.swift */; };
		59529EBEFD9A8A8B755050B1 /* BridgeConfiguration.swift in Sources */ = {isa = PBXBuildFile; fileRef = F0F745D706D8BCE413E89DFA /* BridgeConfiguration.swift */; };
		596ABA1F2FDD0E2B2EE61A28 /* OpenClawCompanionApp.swift in Sources */ = {isa = PBXBuildFile; fileRef = C0902589296DF3E5D94DAAC0 /* OpenClawCompanionApp.swift */; };
		6827AA670EEAA5EC82582E4D /* ClawBridgeComplication.swift in Sources */ = {isa = PBXBuildFile; fileRef = 19FFC0773FF82AA922F85ED1 /* ClawBridgeComplication.swift */; };
		7320AEFB205EBAE8FE8A903B /* OpenClawWatchApp.swift in Sources */ = {isa = PBXBuildFile; fileRef = C72D6A7461AD8DD99EB7686A /* OpenClawWatchApp.swift */; };
		784B817649FA24FADEBDAB23 /* CompanionPushController.swift in Sources */ = {isa = PBXBuildFile; fileRef = A6F2F5ECBA37318CADCEA8E8 /* CompanionPushController.swift */; };
		7AE88694BCC3256C7A8CC909 /* WatchContentView.swift in Sources */ = {isa = PBXBuildFile; fileRef = 4028A3C1D185247A4002C3C5 /* WatchContentView.swift */; };
		7B32367AE0B5ED003C2855C7 /* WatchRelayController.swift in Sources */ = {isa = PBXBuildFile; fileRef = 0E9A9D04AF925721C1C31773 /* WatchRelayController.swift */; };
		7C52094C6F9DC3C6691E0395 /* WatchVoiceModels.swift in Sources */ = {isa = PBXBuildFile; fileRef = 5F05AF7FA1AC54D95DC72963 /* WatchVoiceModels.swift */; };
		7C859158C567E41BB54782E4 /* PublicAssets.xcassets in Resources */ = {isa = PBXBuildFile; fileRef = EF0EC3306E4E4799275B48EF /* PublicAssets.xcassets */; };
		909DAEBB5FC4C1EB7CA23DF4 /* WatchVoiceController.swift in Sources */ = {isa = PBXBuildFile; fileRef = 1B0F6EEF6953A2DDFA05D375 /* WatchVoiceController.swift */; };
		A310703B6CC4C09799AFA3C5 /* CompanionContentView.swift in Sources */ = {isa = PBXBuildFile; fileRef = 7D88BB2DA0C02BAC80471FAA /* CompanionContentView.swift */; };
		A4135BBB6B29256A7F754B70 /* ClawBridgeComplicationExtension.appex in Embed Foundation Extensions */ = {isa = PBXBuildFile; fileRef = E0FEC191398F04AF9C16E920 /* ClawBridgeComplicationExtension.appex */; settings = {ATTRIBUTES = (RemoveHeadersOnCopy, ); }; };
		AB74930D19E0311630630215 /* WalkieResponseClient.swift in Sources */ = {isa = PBXBuildFile; fileRef = BA9925BC6A8D6D07E46D94C1 /* WalkieResponseClient.swift */; };
		C1AC74930EB6828864DC1426 /* CompanionRelayController.swift in Sources */ = {isa = PBXBuildFile; fileRef = 2B7F51E7572666EDDBECA2DC /* CompanionRelayController.swift */; };
		CB3F2EECA265D767E432D6A8 /* Assets.xcassets in Resources */ = {isa = PBXBuildFile; fileRef = 78A33A0012AD2147E3D18A3D /* Assets.xcassets */; };
		D621D8A50C6516DA152405A1 /* GolfWorkoutController.swift in Sources */ = {isa = PBXBuildFile; fileRef = 6B6F9D08DCAB2EA704AD0F06 /* GolfWorkoutController.swift */; };
		DD737C5436275ACBD686C371 /* WatchVoiceUploadClient.swift in Sources */ = {isa = PBXBuildFile; fileRef = 0F28727611FC800CFF3D1890 /* WatchVoiceUploadClient.swift */; };
		E66EE11ACD383F65A4C8F1F9 /* WatchVoiceUploadClient.swift in Sources */ = {isa = PBXBuildFile; fileRef = 0F28727611FC800CFF3D1890 /* WatchVoiceUploadClient.swift */; };
		FE82F2FB795AFA9A5F7867CE /* CompanionWalkieController.swift in Sources */ = {isa = PBXBuildFile; fileRef = 992030626503F9F333EC8065 /* CompanionWalkieController.swift */; };
/* End PBXBuildFile section */

/* Begin PBXContainerItemProxy section */
		4F1238660FC6F948613562FE /* PBXContainerItemProxy */ = {
			isa = PBXContainerItemProxy;
			containerPortal = 9F7212A425256BC0C5786F22 /* Project object */;
			proxyType = 1;
			remoteGlobalIDString = 3854F89796153526B83EE7AA;
			remoteInfo = OpenClawWatchExtension;
		};
		60A7D1FEE83809745B17A205 /* PBXContainerItemProxy */ = {
			isa = PBXContainerItemProxy;
			containerPortal = 9F7212A425256BC0C5786F22 /* Project object */;
			proxyType = 1;
			remoteGlobalIDString = E2C134C7EA2F1687801D073E;
			remoteInfo = ClawBridgeComplicationExtension;
		};
		6E0D71317D4C93FB03C34601 /* PBXContainerItemProxy */ = {
			isa = PBXContainerItemProxy;
			containerPortal = 9F7212A425256BC0C5786F22 /* Project object */;
			proxyType = 1;
			remoteGlobalIDString = 780B2BAD3CC982CA5198A707;
			remoteInfo = OpenClawWatchApp;
		};
/* End PBXContainerItemProxy section */

/* Begin PBXCopyFilesBuildPhase section */
		8DBCF1075E8E757D54AC1D0C /* Embed Foundation Extensions */ = {
			isa = PBXCopyFilesBuildPhase;
			buildActionMask = 2147483647;
			dstPath = "";
			dstSubfolderSpec = 13;
			files = (
				2B2CA0A4BA9CADE9BCD41D34 /* OpenClawWatchExtension.appex in Embed Foundation Extensions */,
				A4135BBB6B29256A7F754B70 /* ClawBridgeComplicationExtension.appex in Embed Foundation Extensions */,
			);
			name = "Embed Foundation Extensions";
			runOnlyForDeploymentPostprocessing = 0;
		};
		D35B00560FD7E58AC66996A1 /* Embed Watch Content */ = {
			isa = PBXCopyFilesBuildPhase;
			buildActionMask = 2147483647;
			dstPath = "$(CONTENTS_FOLDER_PATH)/Watch";
			dstSubfolderSpec = 16;
			files = (
				18C69D2FC40422012B224E2D /* OpenClawWatchApp.app in Embed Watch Content */,
			);
			name = "Embed Watch Content";
			runOnlyForDeploymentPostprocessing = 0;
		};
/* End PBXCopyFilesBuildPhase section */

/* Begin PBXFileReference section */
		01ED1B3A17547DD342460148 /* Signing.xcconfig */ = {isa = PBXFileReference; lastKnownFileType = text.xcconfig; path = Signing.xcconfig; sourceTree = "<group>"; };
		0E9A9D04AF925721C1C31773 /* WatchRelayController.swift */ = {isa = PBXFileReference; lastKnownFileType = sourcecode.swift; path = WatchRelayController.swift; sourceTree = "<group>"; };
		0F28727611FC800CFF3D1890 /* WatchVoiceUploadClient.swift */ = {isa = PBXFileReference; lastKnownFileType = sourcecode.swift; path = WatchVoiceUploadClient.swift; sourceTree = "<group>"; };
		19FFC0773FF82AA922F85ED1 /* ClawBridgeComplication.swift */ = {isa = PBXFileReference; lastKnownFileType = sourcecode.swift; path = ClawBridgeComplication.swift; sourceTree = "<group>"; };
		1B0F6EEF6953A2DDFA05D375 /* WatchVoiceController.swift */ = {isa = PBXFileReference; lastKnownFileType = sourcecode.swift; path = WatchVoiceController.swift; sourceTree = "<group>"; };
		1ED7E8B5B525A071F1186287 /* Info.plist */ = {isa = PBXFileReference; lastKnownFileType = text.plist; path = Info.plist; sourceTree = "<group>"; };
		2979C1EB89D528F7C8F9ACB6 /* CompanionRelayOutbox.swift */ = {isa = PBXFileReference; lastKnownFileType = sourcecode.swift; path = CompanionRelayOutbox.swift; sourceTree = "<group>"; };
		2B7F51E7572666EDDBECA2DC /* CompanionRelayController.swift */ = {isa = PBXFileReference; lastKnownFileType = sourcecode.swift; path = CompanionRelayController.swift; sourceTree = "<group>"; };
		33D2F98CC9106F5DE7F213C3 /* Info.plist */ = {isa = PBXFileReference; lastKnownFileType = text.plist; path = Info.plist; sourceTree = "<group>"; };
		3CB66DEE7BAB2FFBE123831A /* .gitkeep */ = {isa = PBXFileReference; path = .gitkeep; sourceTree = "<group>"; };
		4028A3C1D185247A4002C3C5 /* WatchContentView.swift */ = {isa = PBXFileReference; lastKnownFileType = sourcecode.swift; path = WatchContentView.swift; sourceTree = "<group>"; };
		55E294C3D5006316EBAD6E08 /* OpenClawWatchApp.app */ = {isa = PBXFileReference; explicitFileType = wrapper.application; includeInIndex = 0; path = OpenClawWatchApp.app; sourceTree = BUILT_PRODUCTS_DIR; };
		5F05AF7FA1AC54D95DC72963 /* WatchVoiceModels.swift */ = {isa = PBXFileReference; lastKnownFileType = sourcecode.swift; path = WatchVoiceModels.swift; sourceTree = "<group>"; };
		6A4D97F29EFB389FAB54B4C2 /* OpenClawWatchExtension.appex */ = {isa = PBXFileReference; explicitFileType = "wrapper.app-extension"; includeInIndex = 0; path = OpenClawWatchExtension.appex; sourceTree = BUILT_PRODUCTS_DIR; };
		6B6F9D08DCAB2EA704AD0F06 /* GolfWorkoutController.swift */ = {isa = PBXFileReference; lastKnownFileType = sourcecode.swift; path = GolfWorkoutController.swift; sourceTree = "<group>"; };
		78A33A0012AD2147E3D18A3D /* Assets.xcassets */ = {isa = PBXFileReference; lastKnownFileType = folder.assetcatalog; path = Assets.xcassets; sourceTree = "<group>"; };
		7D88BB2DA0C02BAC80471FAA /* CompanionContentView.swift */ = {isa = PBXFileReference; lastKnownFileType = sourcecode.swift; path = CompanionContentView.swift; sourceTree = "<group>"; };
		901185BE1C5614F08C8A3582 /* OpenClawWatchExtension.entitlements */ = {isa = PBXFileReference; lastKnownFileType = text.plist.entitlements; path = OpenClawWatchExtension.entitlements; sourceTree = "<group>"; };
		992030626503F9F333EC8065 /* CompanionWalkieController.swift */ = {isa = PBXFileReference; lastKnownFileType = sourcecode.swift; path = CompanionWalkieController.swift; sourceTree = "<group>"; };
		A6F2F5ECBA37318CADCEA8E8 /* CompanionPushController.swift */ = {isa = PBXFileReference; lastKnownFileType = sourcecode.swift; path = CompanionPushController.swift; sourceTree = "<group>"; };
		B0474A2011A611051F38C899 /* OpenClawCompanion.app */ = {isa = PBXFileReference; includeInIndex = 0; lastKnownFileType = wrapper.application; path = OpenClawCompanion.app; sourceTree = BUILT_PRODUCTS_DIR; };
		B56351101E3C6ED506D781F4 /* OpenClawCompanion.entitlements */ = {isa = PBXFileReference; lastKnownFileType = text.plist.entitlements; path = OpenClawCompanion.entitlements; sourceTree = "<group>"; };
		BA9925BC6A8D6D07E46D94C1 /* WalkieResponseClient.swift */ = {isa = PBXFileReference; lastKnownFileType = sourcecode.swift; path = WalkieResponseClient.swift; sourceTree = "<group>"; };
		C0902589296DF3E5D94DAAC0 /* OpenClawCompanionApp.swift */ = {isa = PBXFileReference; lastKnownFileType = sourcecode.swift; path = OpenClawCompanionApp.swift; sourceTree = "<group>"; };
		C72D6A7461AD8DD99EB7686A /* OpenClawWatchApp.swift */ = {isa = PBXFileReference; lastKnownFileType = sourcecode.swift; path = OpenClawWatchApp.swift; sourceTree = "<group>"; };
		E0FEC191398F04AF9C16E920 /* ClawBridgeComplicationExtension.appex */ = {isa = PBXFileReference; explicitFileType = "wrapper.app-extension"; includeInIndex = 0; path = ClawBridgeComplicationExtension.appex; sourceTree = BUILT_PRODUCTS_DIR; };
		EF0EC3306E4E4799275B48EF /* PublicAssets.xcassets */ = {isa = PBXFileReference; lastKnownFileType = folder.assetcatalog; path = PublicAssets.xcassets; sourceTree = "<group>"; };
		F0F745D706D8BCE413E89DFA /* BridgeConfiguration.swift */ = {isa = PBXFileReference; lastKnownFileType = sourcecode.swift; path = BridgeConfiguration.swift; sourceTree = "<group>"; };
/* End PBXFileReference section */

/* Begin PBXGroup section */
		1297B0AD46B6EF332A37C444 /* Products */ = {
			isa = PBXGroup;
			children = (
				E0FEC191398F04AF9C16E920 /* ClawBridgeComplicationExtension.appex */,
				B0474A2011A611051F38C899 /* OpenClawCompanion.app */,
				55E294C3D5006316EBAD6E08 /* OpenClawWatchApp.app */,
				6A4D97F29EFB389FAB54B4C2 /* OpenClawWatchExtension.appex */,
			);
			name = Products;
			sourceTree = "<group>";
		};
		5F85FFDE3359C44474F00CEE /* Resources */ = {
			isa = PBXGroup;
			children = (
				3CB66DEE7BAB2FFBE123831A /* .gitkeep */,
			);
			path = Resources;
			sourceTree = "<group>";
		};
		7C834A31A2CDAEC473975D5D /* Watch */ = {
			isa = PBXGroup;
			children = (
				6B6F9D08DCAB2EA704AD0F06 /* GolfWorkoutController.swift */,
				C72D6A7461AD8DD99EB7686A /* OpenClawWatchApp.swift */,
				901185BE1C5614F08C8A3582 /* OpenClawWatchExtension.entitlements */,
				4028A3C1D185247A4002C3C5 /* WatchContentView.swift */,
				0E9A9D04AF925721C1C31773 /* WatchRelayController.swift */,
				1B0F6EEF6953A2DDFA05D375 /* WatchVoiceController.swift */,
				5F85FFDE3359C44474F00CEE /* Resources */,
			);
			name = Watch;
			path = Sources/Watch;
			sourceTree = "<group>";
		};
		A8BD5BC5419A3D545E045EB7 /* Complication */ = {
			isa = PBXGroup;
			children = (
				78A33A0012AD2147E3D18A3D /* Assets.xcassets */,
				19FFC0773FF82AA922F85ED1 /* ClawBridgeComplication.swift */,
				1ED7E8B5B525A071F1186287 /* Info.plist */,
			);
			name = Complication;
			path = Sources/Complication;
			sourceTree = "<group>";
		};
		B45FDC9BD3808AE6182CDDEF /* iOS */ = {
			isa = PBXGroup;
			children = (
				7D88BB2DA0C02BAC80471FAA /* CompanionContentView.swift */,
				A6F2F5ECBA37318CADCEA8E8 /* CompanionPushController.swift */,
				2B7F51E7572666EDDBECA2DC /* CompanionRelayController.swift */,
				2979C1EB89D528F7C8F9ACB6 /* CompanionRelayOutbox.swift */,
				992030626503F9F333EC8065 /* CompanionWalkieController.swift */,
				33D2F98CC9106F5DE7F213C3 /* Info.plist */,
				B56351101E3C6ED506D781F4 /* OpenClawCompanion.entitlements */,
				C0902589296DF3E5D94DAAC0 /* OpenClawCompanionApp.swift */,
			);
			name = iOS;
			path = Sources/iOS;
			sourceTree = "<group>";
		};
		BCA197AD8EA9972400AA8647 = {
			isa = PBXGroup;
			children = (
				A8BD5BC5419A3D545E045EB7 /* Complication */,
				F010BD58C75E502533C9BC0E /* Config */,
				B45FDC9BD3808AE6182CDDEF /* iOS */,
				FA9E0E99F7CB48F03E55A960 /* Shared */,
				7C834A31A2CDAEC473975D5D /* Watch */,
				1297B0AD46B6EF332A37C444 /* Products */,
			);
			sourceTree = "<group>";
		};
		F010BD58C75E502533C9BC0E /* Config */ = {
			isa = PBXGroup;
			children = (
				01ED1B3A17547DD342460148 /* Signing.xcconfig */,
			);
			path = Config;
			sourceTree = "<group>";
		};
		FA9E0E99F7CB48F03E55A960 /* Shared */ = {
			isa = PBXGroup;
			children = (
				F0F745D706D8BCE413E89DFA /* BridgeConfiguration.swift */,
				EF0EC3306E4E4799275B48EF /* PublicAssets.xcassets */,
				BA9925BC6A8D6D07E46D94C1 /* WalkieResponseClient.swift */,
				5F05AF7FA1AC54D95DC72963 /* WatchVoiceModels.swift */,
				0F28727611FC800CFF3D1890 /* WatchVoiceUploadClient.swift */,
			);
			name = Shared;
			path = Sources/Shared;
			sourceTree = "<group>";
		};
/* End PBXGroup section */

/* Begin PBXNativeTarget section */
		2E9ECAE42C555973C83C2305 /* OpenClawCompanion */ = {
			isa = PBXNativeTarget;
			buildConfigurationList = 0CD8CFB8AFCC36B418301248 /* Build configuration list for PBXNativeTarget "OpenClawCompanion" */;
			buildPhases = (
				9D0D04837AF82767D99CC3E0 /* Sources */,
				17554AA6697BDDDA17A4B300 /* Resources */,
				D35B00560FD7E58AC66996A1 /* Embed Watch Content */,
			);
			buildRules = (
			);
			dependencies = (
				60BAA5BAD71C32752D0D1E0F /* PBXTargetDependency */,
			);
			name = OpenClawCompanion;
			packageProductDependencies = (
			);
			productName = OpenClawCompanion;
			productReference = B0474A2011A611051F38C899 /* OpenClawCompanion.app */;
			productType = "com.apple.product-type.application";
		};
		3854F89796153526B83EE7AA /* OpenClawWatchExtension */ = {
			isa = PBXNativeTarget;
			buildConfigurationList = 8E3579D6CAD69DE47DC55334 /* Build configuration list for PBXNativeTarget "OpenClawWatchExtension" */;
			buildPhases = (
				E51E17A91FAAA2E366996933 /* Sources */,
				052810136C507230A783F952 /* Resources */,
			);
			buildRules = (
			);
			dependencies = (
			);
			name = OpenClawWatchExtension;
			packageProductDependencies = (
			);
			productName = OpenClawWatchExtension;
			productReference = 6A4D97F29EFB389FAB54B4C2 /* OpenClawWatchExtension.appex */;
			productType = "com.apple.product-type.watchkit2-extension";
		};
		780B2BAD3CC982CA5198A707 /* OpenClawWatchApp */ = {
			isa = PBXNativeTarget;
			buildConfigurationList = 15B25A2A5BB13EC8AC8DA015 /* Build configuration list for PBXNativeTarget "OpenClawWatchApp" */;
			buildPhases = (
				5D63309990AC8FD67CB6A762 /* Resources */,
				8DBCF1075E8E757D54AC1D0C /* Embed Foundation Extensions */,
			);
			buildRules = (
			);
			dependencies = (
				22600296D41308E836F3F225 /* PBXTargetDependency */,
				286C449F99CCBA4A1E7A4A99 /* PBXTargetDependency */,
			);
			name = OpenClawWatchApp;
			packageProductDependencies = (
			);
			productName = OpenClawWatchApp;
			productReference = 55E294C3D5006316EBAD6E08 /* OpenClawWatchApp.app */;
			productType = "com.apple.product-type.application.watchapp2";
		};
		E2C134C7EA2F1687801D073E /* ClawBridgeComplicationExtension */ = {
			isa = PBXNativeTarget;
			buildConfigurationList = 98E6973F8109C6E41E8B6982 /* Build configuration list for PBXNativeTarget "ClawBridgeComplicationExtension" */;
			buildPhases = (
				C281F10C1ADCD0D9682931F9 /* Sources */,
				B7B73EFB982B65237B0DE935 /* Resources */,
			);
			buildRules = (
			);
			dependencies = (
			);
			name = ClawBridgeComplicationExtension;
			packageProductDependencies = (
			);
			productName = ClawBridgeComplicationExtension;
			productReference = E0FEC191398F04AF9C16E920 /* ClawBridgeComplicationExtension.appex */;
			productType = "com.apple.product-type.app-extension";
		};
/* End PBXNativeTarget section */

/* Begin PBXProject section */
		9F7212A425256BC0C5786F22 /* Project object */ = {
			isa = PBXProject;
			attributes = {
				BuildIndependentTargetsInParallel = YES;
				LastUpgradeCheck = 1430;
				TargetAttributes = {
					2E9ECAE42C555973C83C2305 = {
						ProvisioningStyle = Automatic;
					};
					3854F89796153526B83EE7AA = {
						ProvisioningStyle = Automatic;
					};
					780B2BAD3CC982CA5198A707 = {
						ProvisioningStyle = Automatic;
					};
					E2C134C7EA2F1687801D073E = {
						ProvisioningStyle = Automatic;
					};
				};
			};
			buildConfigurationList = 4FAFEED7A3CFAF3BDA61E04E /* Build configuration list for PBXProject "OpenClawWatch" */;
			compatibilityVersion = "Xcode 14.0";
			developmentRegion = en;
			hasScannedForEncodings = 0;
			knownRegions = (
				Base,
				en,
			);
			mainGroup = BCA197AD8EA9972400AA8647;
			minimizedProjectReferenceProxies = 1;
			preferredProjectObjectVersion = 77;
			projectDirPath = "";
			projectRoot = "";
			targets = (
				E2C134C7EA2F1687801D073E /* ClawBridgeComplicationExtension */,
				2E9ECAE42C555973C83C2305 /* OpenClawCompanion */,
				780B2BAD3CC982CA5198A707 /* OpenClawWatchApp */,
				3854F89796153526B83EE7AA /* OpenClawWatchExtension */,
			);
		};
/* End PBXProject section */

/* Begin PBXResourcesBuildPhase section */
		052810136C507230A783F952 /* Resources */ = {
			isa = PBXResourcesBuildPhase;
			buildActionMask = 2147483647;
			files = (
				7C859158C567E41BB54782E4 /* PublicAssets.xcassets in Resources */,
			);
			runOnlyForDeploymentPostprocessing = 0;
		};
		17554AA6697BDDDA17A4B300 /* Resources */ = {
			isa = PBXResourcesBuildPhase;
			buildActionMask = 2147483647;
			files = (
				2B3F74B662069F061546E96B /* PublicAssets.xcassets in Resources */,
			);
			runOnlyForDeploymentPostprocessing = 0;
		};
		5D63309990AC8FD67CB6A762 /* Resources */ = {
			isa = PBXResourcesBuildPhase;
			buildActionMask = 2147483647;
			files = (
				0AD2DC0613E92DE1E90F357D /* PublicAssets.xcassets in Resources */,
			);
			runOnlyForDeploymentPostprocessing = 0;
		};
		B7B73EFB982B65237B0DE935 /* Resources */ = {
			isa = PBXResourcesBuildPhase;
			buildActionMask = 2147483647;
			files = (
				CB3F2EECA265D767E432D6A8 /* Assets.xcassets in Resources */,
			);
			runOnlyForDeploymentPostprocessing = 0;
		};
/* End PBXResourcesBuildPhase section */

/* Begin PBXSourcesBuildPhase section */
		9D0D04837AF82767D99CC3E0 /* Sources */ = {
			isa = PBXSourcesBuildPhase;
			buildActionMask = 2147483647;
			files = (
				59529EBEFD9A8A8B755050B1 /* BridgeConfiguration.swift in Sources */,
				A310703B6CC4C09799AFA3C5 /* CompanionContentView.swift in Sources */,
				784B817649FA24FADEBDAB23 /* CompanionPushController.swift in Sources */,
				C1AC74930EB6828864DC1426 /* CompanionRelayController.swift in Sources */,
				074D66411C4C02BCAF1DF55A /* CompanionRelayOutbox.swift in Sources */,
				FE82F2FB795AFA9A5F7867CE /* CompanionWalkieController.swift in Sources */,
				596ABA1F2FDD0E2B2EE61A28 /* OpenClawCompanionApp.swift in Sources */,
				AB74930D19E0311630630215 /* WalkieResponseClient.swift in Sources */,
				7C52094C6F9DC3C6691E0395 /* WatchVoiceModels.swift in Sources */,
				E66EE11ACD383F65A4C8F1F9 /* WatchVoiceUploadClient.swift in Sources */,
			);
			runOnlyForDeploymentPostprocessing = 0;
		};
		C281F10C1ADCD0D9682931F9 /* Sources */ = {
			isa = PBXSourcesBuildPhase;
			buildActionMask = 2147483647;
			files = (
				6827AA670EEAA5EC82582E4D /* ClawBridgeComplication.swift in Sources */,
			);
			runOnlyForDeploymentPostprocessing = 0;
		};
		E51E17A91FAAA2E366996933 /* Sources */ = {
			isa = PBXSourcesBuildPhase;
			buildActionMask = 2147483647;
			files = (
				535BB2F5E18EB3C9C4B67A8A /* BridgeConfiguration.swift in Sources */,
				D621D8A50C6516DA152405A1 /* GolfWorkoutController.swift in Sources */,
				7320AEFB205EBAE8FE8A903B /* OpenClawWatchApp.swift in Sources */,
				3DF5F17DF9FE4FC80A962696 /* WalkieResponseClient.swift in Sources */,
				7AE88694BCC3256C7A8CC909 /* WatchContentView.swift in Sources */,
				7B32367AE0B5ED003C2855C7 /* WatchRelayController.swift in Sources */,
				909DAEBB5FC4C1EB7CA23DF4 /* WatchVoiceController.swift in Sources */,
				20C2A15BBEE79815185D546D /* WatchVoiceModels.swift in Sources */,
				DD737C5436275ACBD686C371 /* WatchVoiceUploadClient.swift in Sources */,
			);
			runOnlyForDeploymentPostprocessing = 0;
		};
/* End PBXSourcesBuildPhase section */

/* Begin PBXTargetDependency section */
		22600296D41308E836F3F225 /* PBXTargetDependency */ = {
			isa = PBXTargetDependency;
			target = 3854F89796153526B83EE7AA /* OpenClawWatchExtension */;
			targetProxy = 4F1238660FC6F948613562FE /* PBXContainerItemProxy */;
		};
		286C449F99CCBA4A1E7A4A99 /* PBXTargetDependency */ = {
			isa = PBXTargetDependency;
			target = E2C134C7EA2F1687801D073E /* ClawBridgeComplicationExtension */;
			targetProxy = 60A7D1FEE83809745B17A205 /* PBXContainerItemProxy */;
		};
		60BAA5BAD71C32752D0D1E0F /* PBXTargetDependency */ = {
			isa = PBXTargetDependency;
			target = 780B2BAD3CC982CA5198A707 /* OpenClawWatchApp */;
			targetProxy = 6E0D71317D4C93FB03C34601 /* PBXContainerItemProxy */;
		};
/* End PBXTargetDependency section */

/* Begin XCBuildConfiguration section */
		18E2AAFCFEFD3B829E4CC0D9 /* Release */ = {
			isa = XCBuildConfiguration;
			buildSettings = {
				ALWAYS_SEARCH_USER_PATHS = NO;
				ASSETCATALOG_COMPILER_GLOBAL_ACCENT_COLOR_NAME = AccentColor;
				CLANG_ANALYZER_NONNULL = YES;
				CLANG_ANALYZER_NUMBER_OBJECT_CONVERSION = YES_AGGRESSIVE;
				CLANG_CXX_LANGUAGE_STANDARD = "gnu++14";
				CLANG_CXX_LIBRARY = "libc++";
				CLANG_ENABLE_MODULES = YES;
				CLANG_ENABLE_OBJC_ARC = YES;
				CLANG_ENABLE_OBJC_WEAK = YES;
				CLANG_WARN_BLOCK_CAPTURE_AUTORELEASING = YES;
				CLANG_WARN_BOOL_CONVERSION = YES;
				CLANG_WARN_COMMA = YES;
				CLANG_WARN_CONSTANT_CONVERSION = YES;
				CLANG_WARN_DEPRECATED_OBJC_IMPLEMENTATIONS = YES;
				CLANG_WARN_DIRECT_OBJC_ISA_USAGE = YES_ERROR;
				CLANG_WARN_DOCUMENTATION_COMMENTS = YES;
				CLANG_WARN_EMPTY_BODY = YES;
				CLANG_WARN_ENUM_CONVERSION = YES;
				CLANG_WARN_INFINITE_RECURSION = YES;
				CLANG_WARN_INT_CONVERSION = YES;
				CLANG_WARN_NON_LITERAL_NULL_CONVERSION = YES;
				CLANG_WARN_OBJC_IMPLICIT_RETAIN_SELF = YES;
				CLANG_WARN_OBJC_LITERAL_CONVERSION = YES;
				CLANG_WARN_OBJC_ROOT_CLASS = YES_ERROR;
				CLANG_WARN_QUOTED_INCLUDE_IN_FRAMEWORK_HEADER = YES;
				CLANG_WARN_RANGE_LOOP_ANALYSIS = YES;
				CLANG_WARN_STRICT_PROTOTYPES = YES;
				CLANG_WARN_SUSPICIOUS_MOVE = YES;
				CLANG_WARN_UNGUARDED_AVAILABILITY = YES_AGGRESSIVE;
				CLANG_WARN_UNREACHABLE_CODE = YES;
				CLANG_WARN__DUPLICATE_METHOD_MATCH = YES;
				CODE_SIGN_STYLE = Automatic;
				COPY_PHASE_STRIP = NO;
				CURRENT_PROJECT_VERSION = 33;
				DEBUG_INFORMATION_FORMAT = "dwarf-with-dsym";
				ENABLE_NS_ASSERTIONS = NO;
				ENABLE_STRICT_OBJC_MSGSEND = YES;
				GCC_C_LANGUAGE_STANDARD = gnu11;
				GCC_NO_COMMON_BLOCKS = YES;
				GCC_WARN_64_TO_32_BIT_CONVERSION = YES;
				GCC_WARN_ABOUT_RETURN_TYPE = YES_ERROR;
				GCC_WARN_UNDECLARED_SELECTOR = YES;
				GCC_WARN_UNINITIALIZED_AUTOS = YES_AGGRESSIVE;
				GCC_WARN_UNUSED_FUNCTION = YES;
				GCC_WARN_UNUSED_VARIABLE = YES;
				IPHONEOS_DEPLOYMENT_TARGET = 17.0;
				MARKETING_VERSION = 0.1.8;
				MTL_ENABLE_DEBUG_INFO = NO;
				MTL_FAST_MATH = YES;
				PRODUCT_NAME = "$(TARGET_NAME)";
				SWIFT_COMPILATION_MODE = wholemodule;
				SWIFT_OPTIMIZATION_LEVEL = "-O";
				SWIFT_VERSION = 6.0;
				WATCHOS_DEPLOYMENT_TARGET = 10.0;
			};
			name = Release;
		};
		1C05D7C6BC3B182058241725 /* Release */ = {
			isa = XCBuildConfiguration;
			baseConfigurationReference = 01ED1B3A17547DD342460148 /* Signing.xcconfig */;
			buildSettings = {
				ASSETCATALOG_COMPILER_APPICON_NAME = AppIcon;
				INFOPLIST_FILE = Sources/Watch/Info.plist;
				PRODUCT_BUNDLE_IDENTIFIER = "$(CLAW_BRIDGE_BUNDLE_ID_PREFIX).ClawBridge.watchkitapp";
				SDKROOT = watchos;
				SKIP_INSTALL = YES;
				TARGETED_DEVICE_FAMILY = 4;
			};
			name = Release;
		};
		6C6F2C9D3E14DA9E6B9BCFB2 /* Debug */ = {
			isa = XCBuildConfiguration;
			baseConfigurationReference = 01ED1B3A17547DD342460148 /* Signing.xcconfig */;
			buildSettings = {
				ASSETCATALOG_COMPILER_APPICON_NAME = AppIcon;
				CODE_SIGN_ENTITLEMENTS = "$(CLAW_BRIDGE_IOS_ENTITLEMENTS)";
				CODE_SIGN_IDENTITY = "iPhone Developer";
				INFOPLIST_FILE = Sources/iOS/Info.plist;
				LD_RUNPATH_SEARCH_PATHS = (
					"$(inherited)",
					"@executable_path/Frameworks",
				);
				PRODUCT_BUNDLE_IDENTIFIER = "$(CLAW_BRIDGE_BUNDLE_ID_PREFIX).ClawBridge";
				SDKROOT = iphoneos;
				TARGETED_DEVICE_FAMILY = 1;
			};
			name = Debug;
		};
		7AB148685E07B7C5ED21B07E /* Debug */ = {
			isa = XCBuildConfiguration;
			baseConfigurationReference = 01ED1B3A17547DD342460148 /* Signing.xcconfig */;
			buildSettings = {
				INFOPLIST_FILE = Sources/Complication/Info.plist;
				LD_RUNPATH_SEARCH_PATHS = (
					"$(inherited)",
					"@executable_path/Frameworks",
					"@executable_path/../../Frameworks",
				);
				PRODUCT_BUNDLE_IDENTIFIER = "$(CLAW_BRIDGE_BUNDLE_ID_PREFIX).ClawBridge.watchkitapp.ClawBridgeComplicationExtension";
				SDKROOT = watchos;
				SKIP_INSTALL = YES;
				TARGETED_DEVICE_FAMILY = 4;
			};
			name = Debug;
		};
		A3F16741856A3364615090BC /* Debug */ = {
			isa = XCBuildConfiguration;
			buildSettings = {
				ALWAYS_SEARCH_USER_PATHS = NO;
				ASSETCATALOG_COMPILER_GLOBAL_ACCENT_COLOR_NAME = AccentColor;
				CLANG_ANALYZER_NONNULL = YES;
				CLANG_ANALYZER_NUMBER_OBJECT_CONVERSION = YES_AGGRESSIVE;
				CLANG_CXX_LANGUAGE_STANDARD = "gnu++14";
				CLANG_CXX_LIBRARY = "libc++";
				CLANG_ENABLE_MODULES = YES;
				CLANG_ENABLE_OBJC_ARC = YES;
				CLANG_ENABLE_OBJC_WEAK = YES;
				CLANG_WARN_BLOCK_CAPTURE_AUTORELEASING = YES;
				CLANG_WARN_BOOL_CONVERSION = YES;
				CLANG_WARN_COMMA = YES;
				CLANG_WARN_CONSTANT_CONVERSION = YES;
				CLANG_WARN_DEPRECATED_OBJC_IMPLEMENTATIONS = YES;
				CLANG_WARN_DIRECT_OBJC_ISA_USAGE = YES_ERROR;
				CLANG_WARN_DOCUMENTATION_COMMENTS = YES;
				CLANG_WARN_EMPTY_BODY = YES;
				CLANG_WARN_ENUM_CONVERSION = YES;
				CLANG_WARN_INFINITE_RECURSION = YES;
				CLANG_WARN_INT_CONVERSION = YES;
				CLANG_WARN_NON_LITERAL_NULL_CONVERSION = YES;
				CLANG_WARN_OBJC_IMPLICIT_RETAIN_SELF = YES;
				CLANG_WARN_OBJC_LITERAL_CONVERSION = YES;
				CLANG_WARN_OBJC_ROOT_CLASS = YES_ERROR;
				CLANG_WARN_QUOTED_INCLUDE_IN_FRAMEWORK_HEADER = YES;
				CLANG_WARN_RANGE_LOOP_ANALYSIS = YES;
				CLANG_WARN_STRICT_PROTOTYPES = YES;
				CLANG_WARN_SUSPICIOUS_MOVE = YES;
				CLANG_WARN_UNGUARDED_AVAILABILITY = YES_AGGRESSIVE;
				CLANG_WARN_UNREACHABLE_CODE = YES;
				CLANG_WARN__DUPLICATE_METHOD_MATCH = YES;
				CODE_SIGN_STYLE = Automatic;
				COPY_PHASE_STRIP = NO;
				CURRENT_PROJECT_VERSION = 33;
				DEBUG_INFORMATION_FORMAT = dwarf;
				ENABLE_STRICT_OBJC_MSGSEND = YES;
				ENABLE_TESTABILITY = YES;
				GCC_C_LANGUAGE_STANDARD = gnu11;
				GCC_DYNAMIC_NO_PIC = NO;
				GCC_NO_COMMON_BLOCKS = YES;
				GCC_OPTIMIZATION_LEVEL = 0;
				GCC_PREPROCESSOR_DEFINITIONS = (
					"$(inherited)",
					"DEBUG=1",
				);
				GCC_WARN_64_TO_32_BIT_CONVERSION = YES;
				GCC_WARN_ABOUT_RETURN_TYPE = YES_ERROR;
				GCC_WARN_UNDECLARED_SELECTOR = YES;
				GCC_WARN_UNINITIALIZED_AUTOS = YES_AGGRESSIVE;
				GCC_WARN_UNUSED_FUNCTION = YES;
				GCC_WARN_UNUSED_VARIABLE = YES;
				IPHONEOS_DEPLOYMENT_TARGET = 17.0;
				MARKETING_VERSION = 0.1.8;
				MTL_ENABLE_DEBUG_INFO = INCLUDE_SOURCE;
				MTL_FAST_MATH = YES;
				ONLY_ACTIVE_ARCH = YES;
				PRODUCT_NAME = "$(TARGET_NAME)";
				SWIFT_ACTIVE_COMPILATION_CONDITIONS = DEBUG;
				SWIFT_OPTIMIZATION_LEVEL = "-Onone";
				SWIFT_VERSION = 6.0;
				WATCHOS_DEPLOYMENT_TARGET = 10.0;
			};
			name = Debug;
		};
		C1E1845664D8759023F1EA2F /* Debug */ = {
			isa = XCBuildConfiguration;
			baseConfigurationReference = 01ED1B3A17547DD342460148 /* Signing.xcconfig */;
			buildSettings = {
				ASSETCATALOG_COMPILER_APPICON_NAME = AppIcon;
				INFOPLIST_FILE = Sources/Watch/Info.plist;
				PRODUCT_BUNDLE_IDENTIFIER = "$(CLAW_BRIDGE_BUNDLE_ID_PREFIX).ClawBridge.watchkitapp";
				SDKROOT = watchos;
				SKIP_INSTALL = YES;
				TARGETED_DEVICE_FAMILY = 4;
			};
			name = Debug;
		};
		D5773DE2428463274B486350 /* Release */ = {
			isa = XCBuildConfiguration;
			baseConfigurationReference = 01ED1B3A17547DD342460148 /* Signing.xcconfig */;
			buildSettings = {
				ASSETCATALOG_COMPILER_COMPLICATION_NAME = Complication;
				CODE_SIGN_ENTITLEMENTS = Sources/Watch/OpenClawWatchExtension.entitlements;
				INFOPLIST_FILE = Sources/WatchExtension/Info.plist;
				LD_RUNPATH_SEARCH_PATHS = (
					"$(inherited)",
					"@executable_path/Frameworks",
					"@executable_path/../../Frameworks",
				);
				PRODUCT_BUNDLE_IDENTIFIER = "$(CLAW_BRIDGE_BUNDLE_ID_PREFIX).ClawBridge.watchkitapp.watchkitextension";
				SDKROOT = watchos;
				SKIP_INSTALL = YES;
				TARGETED_DEVICE_FAMILY = 4;
			};
			name = Release;
		};
		E1B5FE720265CF3DA51506DD /* Release */ = {
			isa = XCBuildConfiguration;
			baseConfigurationReference = 01ED1B3A17547DD342460148 /* Signing.xcconfig */;
			buildSettings = {
				INFOPLIST_FILE = Sources/Complication/Info.plist;
				LD_RUNPATH_SEARCH_PATHS = (
					"$(inherited)",
					"@executable_path/Frameworks",
					"@executable_path/../../Frameworks",
				);
				PRODUCT_BUNDLE_IDENTIFIER = "$(CLAW_BRIDGE_BUNDLE_ID_PREFIX).ClawBridge.watchkitapp.ClawBridgeComplicationExtension";
				SDKROOT = watchos;
				SKIP_INSTALL = YES;
				TARGETED_DEVICE_FAMILY = 4;
			};
			name = Release;
		};
		ED8A7AF07B4C6CEA759DB050 /* Debug */ = {
			isa = XCBuildConfiguration;
			baseConfigurationReference = 01ED1B3A17547DD342460148 /* Signing.xcconfig */;
			buildSettings = {
				ASSETCATALOG_COMPILER_COMPLICATION_NAME = Complication;
				CODE_SIGN_ENTITLEMENTS = Sources/Watch/OpenClawWatchExtension.entitlements;
				INFOPLIST_FILE = Sources/WatchExtension/Info.plist;
				LD_RUNPATH_SEARCH_PATHS = (
					"$(inherited)",
					"@executable_path/Frameworks",
					"@executable_path/../../Frameworks",
				);
				PRODUCT_BUNDLE_IDENTIFIER = "$(CLAW_BRIDGE_BUNDLE_ID_PREFIX).ClawBridge.watchkitapp.watchkitextension";
				SDKROOT = watchos;
				SKIP_INSTALL = YES;
				TARGETED_DEVICE_FAMILY = 4;
			};
			name = Debug;
		};
		F6A9A18EE5BA277821B6AB91 /* Release */ = {
			isa = XCBuildConfiguration;
			baseConfigurationReference = 01ED1B3A17547DD342460148 /* Signing.xcconfig */;
			buildSettings = {
				ASSETCATALOG_COMPILER_APPICON_NAME = AppIcon;
				CODE_SIGN_ENTITLEMENTS = "$(CLAW_BRIDGE_IOS_ENTITLEMENTS)";
				CODE_SIGN_IDENTITY = "iPhone Developer";
				INFOPLIST_FILE = Sources/iOS/Info.plist;
				LD_RUNPATH_SEARCH_PATHS = (
					"$(inherited)",
					"@executable_path/Frameworks",
				);
				PRODUCT_BUNDLE_IDENTIFIER = "$(CLAW_BRIDGE_BUNDLE_ID_PREFIX).ClawBridge";
				SDKROOT = iphoneos;
				TARGETED_DEVICE_FAMILY = 1;
			};
			name = Release;
		};
/* End XCBuildConfiguration section */

/* Begin XCConfigurationList section */
		0CD8CFB8AFCC36B418301248 /* Build configuration list for PBXNativeTarget "OpenClawCompanion" */ = {
			isa = XCConfigurationList;
			buildConfigurations = (
				6C6F2C9D3E14DA9E6B9BCFB2 /* Debug */,
				F6A9A18EE5BA277821B6AB91 /* Release */,
			);
			defaultConfigurationIsVisible = 0;
			defaultConfigurationName = Debug;
		};
		15B25A2A5BB13EC8AC8DA015 /* Build configuration list for PBXNativeTarget "OpenClawWatchApp" */ = {
			isa = XCConfigurationList;
			buildConfigurations = (
				C1E1845664D8759023F1EA2F /* Debug */,
				1C05D7C6BC3B182058241725 /* Release */,
			);
			defaultConfigurationIsVisible = 0;
			defaultConfigurationName = Debug;
		};
		4FAFEED7A3CFAF3BDA61E04E /* Build configuration list for PBXProject "OpenClawWatch" */ = {
			isa = XCConfigurationList;
			buildConfigurations = (
				A3F16741856A3364615090BC /* Debug */,
				18E2AAFCFEFD3B829E4CC0D9 /* Release */,
			);
			defaultConfigurationIsVisible = 0;
			defaultConfigurationName = Debug;
		};
		8E3579D6CAD69DE47DC55334 /* Build configuration list for PBXNativeTarget "OpenClawWatchExtension" */ = {
			isa = XCConfigurationList;
			buildConfigurations = (
				ED8A7AF07B4C6CEA759DB050 /* Debug */,
				D5773DE2428463274B486350 /* Release */,
			);
			defaultConfigurationIsVisible = 0;
			defaultConfigurationName = Debug;
		};
		98E6973F8109C6E41E8B6982 /* Build configuration list for PBXNativeTarget "ClawBridgeComplicationExtension" */ = {
			isa = XCConfigurationList;
			buildConfigurations = (
				7AB148685E07B7C5ED21B07E /* Debug */,
				E1B5FE720265CF3DA51506DD /* Release */,
			);
			defaultConfigurationIsVisible = 0;
			defaultConfigurationName = Debug;
		};
/* End XCConfigurationList section */
	};
	rootObject = 9F7212A425256BC0C5786F22 /* Project object */;
}
